
Microsoft Visual Studio Solution File, Format Version 12.00
# Visual Studio Version 17
VisualStudioVersion = 17.2.32630.192
MinimumVisualStudioVersion = 10.0.40219.1
Project("{FAE04EC0-301F-11D3-BF4B-00C04F79EFBC}") = "Loops", "Loops\Loops.csproj", "{61A488F5-9CCC-461A-B15A-F6035DB6AE19}"
EndProject
Global
	GlobalSection(SolutionConfigurationPlatforms) = preSolution
		Debug|Any CPU = Debug|Any CPU
		Release|Any CPU = Release|Any CPU
	EndGlobalSection
	GlobalSection(ProjectConfigurationPlatforms) = postSolution
		{61A488F5-9CCC-461A-B15A-F6035DB6AE19}.Debug|Any CPU.ActiveCfg = Debug|Any CPU
		{61A488F5-9CCC-461A-B15A-F6035DB6AE19}.Debug|Any CPU.Build.0 = Debug|Any CPU
		{61A488F5-9CCC-461A-B15A-F6035DB6AE19}.Release|Any CPU.ActiveCfg = Release|Any CPU
		{61A488F5-9CCC-461A-B15A-F6035DB6AE19}.Release|Any CPU.Build.0 = Release|Any CPU
	EndGlobalSection
	GlobalSection(SolutionProperties) = preSolution
		HideSolutionNode = FALSE
	EndGlobalSection
	GlobalSection(ExtensibilityGlobals) = postSolution
		SolutionGuid = {C33B84A2-734F-4421-934C-A024EC295BF4}
	EndGlobalSection
EndGlobal
